
Microsoft Visual Studio Solution File, Format Version 12.00
# Visual Studio Version 16
VisualStudioVersion = 16.0.32002.261
MinimumVisualStudioVersion = 10.0.40219.1
Project("{FAE04EC0-301F-11D3-BF4B-00C04F79EFBC}") = "OnVen.Common", "OnVen.Common\OnVen.Common.csproj", "{9D012806-8E3F-48A1-B6FE-693561EAC83C}"
EndProject
Project("{FAE04EC0-301F-11D3-BF4B-00C04F79EFBC}") = "OnVen.Web", "OnVen.Web\OnVen.Web.csproj", "{4B7D6185-A124-4D93-860E-71DA7E561390}"
EndProject
Project("{FAE04EC0-301F-11D3-BF4B-00C04F79EFBC}") = "OnVen.Prism", "OnVen.Prism\OnVen.Prism\OnVen.Prism.csproj", "{F53A6F51-94E3-43A9-A9AC-69959254FAD8}"
EndProject
Project("{FAE04EC0-301F-11D3-BF4B-00C04F79EFBC}") = "OnVen.Prism.Android", "OnVen.Prism\OnVen.Prism.Android\OnVen.Prism.Android.csproj", "{8FE6CBF9-33E1-40D3-95D0-F68D4B0E139F}"
EndProject
Project("{FAE04EC0-301F-11D3-BF4B-00C04F79EFBC}") = "OnVen.Prism.iOS", "OnVen.Prism\OnVen.Prism.iOS\OnVen.Prism.iOS.csproj", "{BDE1C046-81C3-4734-9BA8-49A47C072985}"
EndProject
Global
	GlobalSection(SolutionConfigurationPlatforms) = preSolution
		Ad-Hoc|Any CPU = Ad-Hoc|Any CPU
		Ad-Hoc|iPhone = Ad-Hoc|iPhone
		Ad-Hoc|iPhoneSimulator = Ad-Hoc|iPhoneSimulator
		AppStore|Any CPU = AppStore|Any CPU
		AppStore|iPhone = AppStore|iPhone
		AppStore|iPhoneSimulator = AppStore|iPhoneSimulator
		Debug|Any CPU = Debug|Any CPU
		Debug|iPhone = Debug|iPhone
		Debug|iPhoneSimulator = Debug|iPhoneSimulator
		Release|Any CPU = Release|Any CPU
		Release|iPhone = Release|iPhone
		Release|iPhoneSimulator = Release|iPhoneSimulator
	EndGlobalSection
	GlobalSection(ProjectConfigurationPlatforms) = postSolution
		{9D012806-8E3F-48A1-B6FE-693561EAC83C}.Ad-Hoc|Any CPU.ActiveCfg = Debug|Any CPU
		{9D012806-8E3F-48A1-B6FE-693561EAC83C}.Ad-Hoc|Any CPU.Build.0 = Debug|Any CPU
		{9D012806-8E3F-48A1-B6FE-693561EAC83C}.Ad-Hoc|iPhone.ActiveCfg = Debug|Any CPU
		{9D012806-8E3F-48A1-B6FE-693561EAC83C}.Ad-Hoc|iPhone.Build.0 = Debug|Any CPU
		{9D012806-8E3F-48A1-B6FE-693561EAC83C}.Ad-Hoc|iPhoneSimulator.ActiveCfg = Debug|Any CPU
		{9D012806-8E3F-48A1-B6FE-693561EAC83C}.Ad-Hoc|iPhoneSimulator.Build.0 = Debug|Any CPU
		{9D012806-8E3F-48A1-B6FE-693561EAC83C}.AppStore|Any CPU.ActiveCfg = Debug|Any CPU
		{9D012806-8E3F-48A1-B6FE-693561EAC83C}.AppStore|Any CPU.Build.0 = Debug|Any CPU
		{9D012806-8E3F-48A1-B6FE-693561EAC83C}.AppStore|iPhone.ActiveCfg = Debug|Any CPU
		{9D012806-8E3F-48A1-B6FE-693561EAC83C}.AppStore|iPhone.Build.0 = Debug|Any CPU
		{9D012806-8E3F-48A1-B6FE-693561EAC83C}.AppStore|iPhoneSimulator.ActiveCfg = Debug|Any CPU
		{9D012806-8E3F-48A1-B6FE-693561EAC83C}.AppStore|iPhoneSimulator.Build.0 = Debug|Any CPU
		{9D012806-8E3F-48A1-B6FE-693561EAC83C}.Debug|Any CPU.ActiveCfg = Debug|Any CPU
		{9D012806-8E3F-48A1-B6FE-693561EAC83C}.Debug|Any CPU.Build.0 = Debug|Any CPU
		{9D012806-8E3F-48A1-B6FE-693561EAC83C}.Debug|iPhone.ActiveCfg = Debug|Any CPU
		{9D012806-8E3F-48A1-B6FE-693561EAC83C}.Debug|iPhone.Build.0 = Debug|Any CPU
		{9D012806-8E3F-48A1-B6FE-693561EAC83C}.Debug|iPhoneSimulator.ActiveCfg = Debug|Any CPU
		{9D012806-8E3F-48A1-B6FE-693561EAC83C}.Debug|iPhoneSimulator.Build.0 = Debug|Any CPU
		{9D012806-8E3F-48A1-B6FE-693561EAC83C}.Release|Any CPU.ActiveCfg = Release|Any CPU
		{9D012806-8E3F-48A1-B6FE-693561EAC83C}.Release|Any CPU.Build.0 = Release|Any CPU
		{9D012806-8E3F-48A1-B6FE-693561EAC83C}.Release|iPhone.ActiveCfg = Release|Any CPU
		{9D012806-8E3F-48A1-B6FE-693561EAC83C}.Release|iPhone.Build.0 = Release|Any CPU
		{9D012806-8E3F-48A1-B6FE-693561EAC83C}.Release|iPhoneSimulator.ActiveCfg = Release|Any CPU
		{9D012806-8E3F-48A1-B6FE-693561EAC83C}.Release|iPhoneSimulator.Build.0 = Release|Any CPU
		{4B7D6185-A124-4D93-860E-71DA7E561390}.Ad-Hoc|Any CPU.ActiveCfg = Debug|Any CPU
		{4B7D6185-A124-4D93-860E-71DA7E561390}.Ad-Hoc|Any CPU.Build.0 = Debug|Any CPU
		{4B7D6185-A124-4D93-860E-71DA7E561390}.Ad-Hoc|iPhone.ActiveCfg = Debug|Any CPU
		{4B7D6185-A124-4D93-860E-71DA7E561390}.Ad-Hoc|iPhone.Build.0 = Debug|Any CPU
		{4B7D6185-A124-4D93-860E-71DA7E561390}.Ad-Hoc|iPhoneSimulator.ActiveCfg = Debug|Any CPU
		{4B7D6185-A124-4D93-860E-71DA7E561390}.Ad-Hoc|iPhoneSimulator.Build.0 = Debug|Any CPU
		{4B7D6185-A124-4D93-860E-71DA7E561390}.AppStore|Any CPU.ActiveCfg = Debug|Any CPU
		{4B7D6185-A124-4D93-860E-71DA7E561390}.AppStore|Any CPU.Build.0 = Debug|Any CPU
		{4B7D6185-A124-4D93-860E-71DA7E561390}.AppStore|iPhone.ActiveCfg = Debug|Any CPU
		{4B7D6185-A124-4D93-860E-71DA7E561390}.AppStore|iPhone.Build.0 = Debug|Any CPU
		{4B7D6185-A124-4D93-860E-71DA7E561390}.AppStore|iPhoneSimulator.ActiveCfg = Debug|Any CPU
		{4B7D6185-A124-4D93-860E-71DA7E561390}.AppStore|iPhoneSimulator.Build.0 = Debug|Any CPU
		{4B7D6185-A124-4D93-860E-71DA7E561390}.Debug|Any CPU.ActiveCfg = Debug|Any CPU
		{4B7D6185-A124-4D93-860E-71DA7E561390}.Debug|Any CPU.Build.0 = Debug|Any CPU
		{4B7D6185-A124-4D93-860E-71DA7E561390}.Debug|iPhone.ActiveCfg = Debug|Any CPU
		{4B7D6185-A124-4D93-860E-71DA7E561390}.Debug|iPhone.Build.0 = Debug|Any CPU
		{4B7D6185-A124-4D93-860E-71DA7E561390}.Debug|iPhoneSimulator.ActiveCfg = Debug|Any CPU
		{4B7D6185-A124-4D93-860E-71DA7E561390}.Debug|iPhoneSimulator.Build.0 = Debug|Any CPU
		{4B7D6185-A124-4D93-860E-71DA7E561390}.Release|Any CPU.ActiveCfg = Release|Any CPU
		{4B7D6185-A124-4D93-860E-71DA7E561390}.Release|Any CPU.Build.0 = Release|Any CPU
		{4B7D6185-A124-4D93-860E-71DA7E561390}.Release|iPhone.ActiveCfg = Release|Any CPU
		{4B7D6185-A124-4D93-860E-71DA7E561390}.Release|iPhone.Build.0 = Release|Any CPU
		{4B7D6185-A124-4D93-860E-71DA7E561390}.Release|iPhoneSimulator.ActiveCfg = Release|Any CPU
		{4B7D6185-A124-4D93-860E-71DA7E561390}.Release|iPhoneSimulator.Build.0 = Release|Any CPU
		{F53A6F51-94E3-43A9-A9AC-69959254FAD8}.Ad-Hoc|Any CPU.ActiveCfg = Debug|Any CPU
		{F53A6F51-94E3-43A9-A9AC-69959254FAD8}.Ad-Hoc|Any CPU.Build.0 = Debug|Any CPU
		{F53A6F51-94E3-43A9-A9AC-69959254FAD8}.Ad-Hoc|iPhone.ActiveCfg = Debug|Any CPU
		{F53A6F51-94E3-43A9-A9AC-69959254FAD8}.Ad-Hoc|iPhone.Build.0 = Debug|Any CPU
		{F53A6F51-94E3-43A9-A9AC-69959254FAD8}.Ad-Hoc|iPhoneSimulator.ActiveCfg = Debug|Any CPU
		{F53A6F51-94E3-43A9-A9AC-69959254FAD8}.Ad-Hoc|iPhoneSimulator.Build.0 = Debug|Any CPU
		{F53A6F51-94E3-43A9-A9AC-69959254FAD8}.AppStore|Any CPU.ActiveCfg = Debug|Any CPU
		{F53A6F51-94E3-43A9-A9AC-69959254FAD8}.AppStore|Any CPU.Build.0 = Debug|Any CPU
		{F53A6F51-94E3-43A9-A9AC-69959254FAD8}.AppStore|iPhone.ActiveCfg = Debug|Any CPU
		{F53A6F51-94E3-43A9-A9AC-69959254FAD8}.AppStore|iPhone.Build.0 = Debug|Any CPU
		{F53A6F51-94E3-43A9-A9AC-69959254FAD8}.AppStore|iPhoneSimulator.ActiveCfg = Debug|Any CPU
		{F53A6F51-94E3-43A9-A9AC-69959254FAD8}.AppStore|iPhoneSimulator.Build.0 = Debug|Any CPU
		{F53A6F51-94E3-43A9-A9AC-69959254FAD8}.Debug|Any CPU.ActiveCfg = Debug|Any CPU
		{F53A6F51-94E3-43A9-A9AC-69959254FAD8}.Debug|Any CPU.Build.0 = Debug|Any CPU
		{F53A6F51-94E3-43A9-A9AC-69959254FAD8}.Debug|iPhone.ActiveCfg = Debug|Any CPU
		{F53A6F51-94E3-43A9-A9AC-69959254FAD8}.Debug|iPhone.Build.0 = Debug|Any CPU
		{F53A6F51-94E3-43A9-A9AC-69959254FAD8}.Debug|iPhoneSimulator.ActiveCfg = Debug|Any CPU
		{F53A6F51-94E3-43A9-A9AC-69959254FAD8}.Debug|iPhoneSimulator.Build.0 = Debug|Any CPU
		{F53A6F51-94E3-43A9-A9AC-69959254FAD8}.Release|Any CPU.ActiveCfg = Release|Any CPU
		{F53A6F51-94E3-43A9-A9AC-69959254FAD8}.Release|Any CPU.Build.0 = Release|Any CPU
		{F53A6F51-94E3-43A9-A9AC-69959254FAD8}.Release|iPhone.ActiveCfg = Release|Any CPU
		{F53A6F51-94E3-43A9-A9AC-69959254FAD8}.Release|iPhone.Build.0 = Release|Any CPU
		{F53A6F51-94E3-43A9-A9AC-69959254FAD8}.Release|iPhoneSimulator.ActiveCfg = Release|Any CPU
		{F53A6F51-94E3-43A9-A9AC-69959254FAD8}.Release|iPhoneSimulator.Build.0 = Release|Any CPU
		{8FE6CBF9-33E1-40D3-95D0-F68D4B0E139F}.Ad-Hoc|Any CPU.ActiveCfg = Debug|Any CPU
		{8FE6CBF9-33E1-40D3-95D0-F68D4B0E139F}.Ad-Hoc|Any CPU.Build.0 = Debug|Any CPU
		{8FE6CBF9-33E1-40D3-95D0-F68D4B0E139F}.Ad-Hoc|Any CPU.Deploy.0 = Debug|Any CPU
		{8FE6CBF9-33E1-40D3-95D0-F68D4B0E139F}.Ad-Hoc|iPhone.ActiveCfg = Debug|Any CPU
		{8FE6CBF9-33E1-40D3-95D0-F68D4B0E139F}.Ad-Hoc|iPhone.Build.0 = Debug|Any CPU
		{8FE6CBF9-33E1-40D3-95D0-F68D4B0E139F}.Ad-Hoc|iPhone.Deploy.0 = Debug|Any CPU
		{8FE6CBF9-33E1-40D3-95D0-F68D4B0E139F}.Ad-Hoc|iPhoneSimulator.ActiveCfg = Debug|Any CPU
		{8FE6CBF9-33E1-40D3-95D0-F68D4B0E139F}.Ad-Hoc|iPhoneSimulator.Build.0 = Debug|Any CPU
		{8FE6CBF9-33E1-40D3-95D0-F68D4B0E139F}.Ad-Hoc|iPhoneSimulator.Deploy.0 = Debug|Any CPU
		{8FE6CBF9-33E1-40D3-95D0-F68D4B0E139F}.AppStore|Any CPU.ActiveCfg = Debug|Any CPU
		{8FE6CBF9-33E1-40D3-95D0-F68D4B0E139F}.AppStore|Any CPU.Build.0 = Debug|Any CPU
		{8FE6CBF9-33E1-40D3-95D0-F68D4B0E139F}.AppStore|Any CPU.Deploy.0 = Debug|Any CPU
		{8FE6CBF9-33E1-40D3-95D0-F68D4B0E139F}.AppStore|iPhone.ActiveCfg = Debug|Any CPU
		{8FE6CBF9-33E1-40D3-95D0-F68D4B0E139F}.AppStore|iPhone.Build.0 = Debug|Any CPU
		{8FE6CBF9-33E1-40D3-95D0-F68D4B0E139F}.AppStore|iPhone.Deploy.0 = Debug|Any CPU
		{8FE6CBF9-33E1-40D3-95D0-F68D4B0E139F}.AppStore|iPhoneSimulator.ActiveCfg = Debug|Any CPU
		{8FE6CBF9-33E1-40D3-95D0-F68D4B0E139F}.AppStore|iPhoneSimulator.Build.0 = Debug|Any CPU
		{8FE6CBF9-33E1-40D3-95D0-F68D4B0E139F}.AppStore|iPhoneSimulator.Deploy.0 = Debug|Any CPU
		{8FE6CBF9-33E1-40D3-95D0-F68D4B0E139F}.Debug|Any CPU.ActiveCfg = Debug|Any CPU
		{8FE6CBF9-33E1-40D3-95D0-F68D4B0E139F}.Debug|Any CPU.Build.0 = Debug|Any CPU
		{8FE6CBF9-33E1-40D3-95D0-F68D4B0E139F}.Debug|Any CPU.Deploy.0 = Debug|Any CPU
		{8FE6CBF9-33E1-40D3-95D0-F68D4B0E139F}.Debug|iPhone.ActiveCfg = Debug|Any CPU
		{8FE6CBF9-33E1-40D3-95D0-F68D4B0E139F}.Debug|iPhone.Build.0 = Debug|Any CPU
		{8FE6CBF9-33E1-40D3-95D0-F68D4B0E139F}.Debug|iPhone.Deploy.0 = Debug|Any CPU
		{8FE6CBF9-33E1-40D3-95D0-F68D4B0E139F}.Debug|iPhoneSimulator.ActiveCfg = Debug|Any CPU
		{8FE6CBF9-33E1-40D3-95D0-F68D4B0E139F}.Debug|iPhoneSimulator.Build.0 = Debug|Any CPU
		{8FE6CBF9-33E1-40D3-95D0-F68D4B0E139F}.Debug|iPhoneSimulator.Deploy.0 = Debug|Any CPU
		{8FE6CBF9-33E1-40D3-95D0-F68D4B0E139F}.Release|Any CPU.ActiveCfg = Release|Any CPU
		{8FE6CBF9-33E1-40D3-95D0-F68D4B0E139F}.Release|Any CPU.Build.0 = Release|Any CPU
		{8FE6CBF9-33E1-40D3-95D0-F68D4B0E139F}.Release|Any CPU.Deploy.0 = Release|Any CPU
		{8FE6CBF9-33E1-40D3-95D0-F68D4B0E139F}.Release|iPhone.ActiveCfg = Release|Any CPU
		{8FE6CBF9-33E1-40D3-95D0-F68D4B0E139F}.Release|iPhone.Build.0 = Release|Any CPU
		{8FE6CBF9-33E1-40D3-95D0-F68D4B0E139F}.Release|iPhone.Deploy.0 = Release|Any CPU
		{8FE6CBF9-33E1-40D3-95D0-F68D4B0E139F}.Release|iPhoneSimulator.ActiveCfg = Release|Any CPU
		{8FE6CBF9-33E1-40D3-95D0-F68D4B0E139F}.Release|iPhoneSimulator.Build.0 = Release|Any CPU
		{8FE6CBF9-33E1-40D3-95D0-F68D4B0E139F}.Release|iPhoneSimulator.Deploy.0 = Release|Any CPU
		{BDE1C046-81C3-4734-9BA8-49A47C072985}.Ad-Hoc|Any CPU.ActiveCfg = Ad-Hoc|iPhoneSimulator
		{BDE1C046-81C3-4734-9BA8-49A47C072985}.Ad-Hoc|iPhone.ActiveCfg = Ad-Hoc|iPhone
		{BDE1C046-81C3-4734-9BA8-49A47C072985}.Ad-Hoc|iPhone.Build.0 = Ad-Hoc|iPhone
		{BDE1C046-81C3-4734-9BA8-49A47C072985}.Ad-Hoc|iPhoneSimulator.ActiveCfg = Ad-Hoc|iPhoneSimulator
		{BDE1C046-81C3-4734-9BA8-49A47C072985}.Ad-Hoc|iPhoneSimulator.Build.0 = Ad-Hoc|iPhoneSimulator
		{BDE1C046-81C3-4734-9BA8-49A47C072985}.AppStore|Any CPU.ActiveCfg = AppStore|iPhoneSimulator
		{BDE1C046-81C3-4734-9BA8-49A47C072985}.AppStore|iPhone.ActiveCfg = AppStore|iPhone
		{BDE1C046-81C3-4734-9BA8-49A47C072985}.AppStore|iPhone.Build.0 = AppStore|iPhone
		{BDE1C046-81C3-4734-9BA8-49A47C072985}.AppStore|iPhoneSimulator.ActiveCfg = AppStore|iPhoneSimulator
		{BDE1C046-81C3-4734-9BA8-49A47C072985}.AppStore|iPhoneSimulator.Build.0 = AppStore|iPhoneSimulator
		{BDE1C046-81C3-4734-9BA8-49A47C072985}.Debug|Any CPU.ActiveCfg = Debug|iPhoneSimulator
		{BDE1C046-81C3-4734-9BA8-49A47C072985}.Debug|iPhone.ActiveCfg = Debug|iPhone
		{BDE1C046-81C3-4734-9BA8-49A47C072985}.Debug|iPhone.Build.0 = Debug|iPhone
		{BDE1C046-81C3-4734-9BA8-49A47C072985}.Debug|iPhoneSimulator.ActiveCfg = Debug|iPhoneSimulator
		{BDE1C046-81C3-4734-9BA8-49A47C072985}.Debug|iPhoneSimulator.Build.0 = Debug|iPhoneSimulator
		{BDE1C046-81C3-4734-9BA8-49A47C072985}.Release|Any CPU.ActiveCfg = Release|iPhoneSimulator
		{BDE1C046-81C3-4734-9BA8-49A47C072985}.Release|iPhone.ActiveCfg = Release|iPhone
		{BDE1C046-81C3-4734-9BA8-49A47C072985}.Release|iPhone.Build.0 = Release|iPhone
		{BDE1C046-81C3-4734-9BA8-49A47C072985}.Release|iPhoneSimulator.ActiveCfg = Release|iPhoneSimulator
		{BDE1C046-81C3-4734-9BA8-49A47C072985}.Release|iPhoneSimulator.Build.0 = Release|iPhoneSimulator
	EndGlobalSection
	GlobalSection(SolutionProperties) = preSolution
		HideSolutionNode = FALSE
	EndGlobalSection
	GlobalSection(ExtensibilityGlobals) = postSolution
		SolutionGuid = {4EE9ED7D-52AC-46C5-9467-E5A7612E09DC}
	EndGlobalSection
EndGlobal
